
Microsoft Visual Studio Solution File, Format Version 12.00
# Visual Studio Version 17
VisualStudioVersion = 17.5.002.0
MinimumVisualStudioVersion = 10.0.40219.1
Project("{9A19103F-16F7-4668-BE54-9A1E7A4F7556}") = "GettingStarted", "GettingStarted.csproj", "{A7725602-2548-4C64-916B-399F8B8EFE3A}"
EndProject
Global
	GlobalSection(SolutionConfigurationPlatforms) = preSolution
		Debug|Any CPU = Debug|Any CPU
		Release|Any CPU = Release|Any CPU
	EndGlobalSection
	GlobalSection(ProjectConfigurationPlatforms) = postSolution
		{A7725602-2548-4C64-916B-399F8B8EFE3A}.Debug|Any CPU.ActiveCfg = Debug|Any CPU
		{A7725602-2548-4C64-916B-399F8B8EFE3A}.Debug|Any CPU.Build.0 = Debug|Any CPU
		{A7725602-2548-4C64-916B-399F8B8EFE3A}.Release|Any CPU.ActiveCfg = Release|Any CPU
		{A7725602-2548-4C64-916B-399F8B8EFE3A}.Release|Any CPU.Build.0 = Release|Any CPU
	EndGlobalSection
	GlobalSection(SolutionProperties) = preSolution
		HideSolutionNode = FALSE
	EndGlobalSection
	GlobalSection(ExtensibilityGlobals) = postSolution
		SolutionGuid = {A7BB317B-6B03-4094-9213-4C473D53F8F6}
	EndGlobalSection
EndGlobal
